// !$*UTF8*$!
{
	archiveVersion = 1;
	classes = {
	};
	objectVersion = 52;
	objects = {

/* Begin PBXBuildFile section */
		E9187C6025DBC8A0003649D4 /* BrewBarApp.swift in Sources */ = {isa = PBXBuildFile; fileRef = E9187C5F25DBC8A0003649D4 /* BrewBarApp.swift */; };
		E9187C6225DBC8A0003649D4 /* ContentView.swift in Sources */ = {isa = PBXBuildFile; fileRef = E9187C6125DBC8A0003649D4 /* ContentView.swift */; };
		E9187C6425DBC8A2003649D4 /* Assets.xcassets in Resources */ = {isa = PBXBuildFile; fileRef = E9187C6325DBC8A2003649D4 /* Assets.xcassets */; };
		E9187C6725DBC8A2003649D4 /* Preview Assets.xcassets in Resources */ = {isa = PBXBuildFile; fileRef = E9187C6625DBC8A2003649D4 /* Preview Assets.xcassets */; };
		E9187C7325DBC8A2003649D4 /* BrewBarTests.swift in Sources */ = {isa = PBXBuildFile; fileRef = E9187C7225DBC8A2003649D4 /* BrewBarTests.swift */; };
		E9187C7E25DBC8A2003649D4 /* BrewBarUITests.swift in Sources */ = {isa = PBXBuildFile; fileRef = E9187C7D25DBC8A2003649D4 /* BrewBarUITests.swift */; };
		E92832C325E04808001E4C22 /* ActivityIndicatorView in Frameworks */ = {isa = PBXBuildFile; productRef = E92832C225E04808001E4C22 /* ActivityIndicatorView */; };
/* End PBXBuildFile section */

/* Begin PBXContainerItemProxy section */
		E9187C6F25DBC8A2003649D4 /* PBXContainerItemProxy */ = {
			isa = PBXContainerItemProxy;
			containerPortal = E9187C5425DBC8A0003649D4 /* Project object */;
			proxyType = 1;
			remoteGlobalIDString = E9187C5B25DBC8A0003649D4;
			remoteInfo = BrewBar;
		};
		E9187C7A25DBC8A2003649D4 /* PBXContainerItemProxy */ = {
			isa = PBXContainerItemProxy;
			containerPortal = E9187C5425DBC8A0003649D4 /* Project object */;
			proxyType = 1;
			remoteGlobalIDString = E9187C5B25DBC8A0003649D4;
			remoteInfo = BrewBar;
		};
/* End PBXContainerItemProxy section */

/* Begin PBXFileReference section */
		E9187C5C25DBC8A0003649D4 /* BrewBar.app */ = {isa = PBXFileReference; explicitFileType = wrapper.application; includeInIndex = 0; path = BrewBar.app; sourceTree = BUILT_PRODUCTS_DIR; };
		E9187C5F25DBC8A0003649D4 /* BrewBarApp.swift */ = {isa = PBXFileReference; lastKnownFileType = sourcecode.swift; path = BrewBarApp.swift; sourceTree = "<group>"; };
		E9187C6125DBC8A0003649D4 /* ContentView.swift */ = {isa = PBXFileReference; lastKnownFileType = sourcecode.swift; path = ContentView.swift; sourceTree = "<group>"; };
		E9187C6325DBC8A2003649D4 /* Assets.xcassets */ = {isa = PBXFileReference; lastKnownFileType = folder.assetcatalog; path = Assets.xcassets; sourceTree = "<group>"; };
		E9187C6625DBC8A2003649D4 /* Preview Assets.xcassets */ = {isa = PBXFileReference; lastKnownFileType = folder.assetcatalog; path = "Preview Assets.xcassets"; sourceTree = "<group>"; };
		E9187C6825DBC8A2003649D4 /* Info.plist */ = {isa = PBXFileReference; lastKnownFileType = text.plist.xml; path = Info.plist; sourceTree = "<group>"; };
		E9187C6925DBC8A2003649D4 /* BrewBar.entitlements */ = {isa = PBXFileReference; lastKnownFileType = text.plist.entitlements; path = BrewBar.entitlements; sourceTree = "<group>"; };
		E9187C6E25DBC8A2003649D4 /* BrewBarTests.xctest */ = {isa = PBXFileReference; explicitFileType = wrapper.cfbundle; includeInIndex = 0; path = BrewBarTests.xctest; sourceTree = BUILT_PRODUCTS_DIR; };
		E9187C7225DBC8A2003649D4 /* BrewBarTests.swift */ = {isa = PBXFileReference; lastKnownFileType = sourcecode.swift; path = BrewBarTests.swift; sourceTree = "<group>"; };
		E9187C7425DBC8A2003649D4 /* Info.plist */ = {isa = PBXFileReference; lastKnownFileType = text.plist.xml; path = Info.plist; sourceTree = "<group>"; };
		E9187C7925DBC8A2003649D4 /* BrewBarUITests.xctest */ = {isa = PBXFileReference; explicitFileType = wrapper.cfbundle; includeInIndex = 0; path = BrewBarUITests.xctest; sourceTree = BUILT_PRODUCTS_DIR; };
		E9187C7D25DBC8A2003649D4 /* BrewBarUITests.swift */ = {isa = PBXFileReference; lastKnownFileType = sourcecode.swift; path = BrewBarUITests.swift; sourceTree = "<group>"; };
		E9187C7F25DBC8A2003649D4 /* Info.plist */ = {isa = PBXFileReference; lastKnownFileType = text.plist.xml; path = Info.plist; sourceTree = "<group>"; };
/* End PBXFileReference section */

/* Begin PBXFrameworksBuildPhase section */
		E9187C5925DBC8A0003649D4 /* Frameworks */ = {
			isa = PBXFrameworksBuildPhase;
			buildActionMask = 2147483647;
			files = (
				E92832C325E04808001E4C22 /* ActivityIndicatorView in Frameworks */,
			);
			runOnlyForDeploymentPostprocessing = 0;
		};
		E9187C6B25DBC8A2003649D4 /* Frameworks */ = {
			isa = PBXFrameworksBuildPhase;
			buildActionMask = 2147483647;
			files = (
			);
			runOnlyForDeploymentPostprocessing = 0;
		};
		E9187C7625DBC8A2003649D4 /* Frameworks */ = {
			isa = PBXFrameworksBuildPhase;
			buildActionMask = 2147483647;
			files = (
			);
			runOnlyForDeploymentPostprocessing = 0;
		};
/* End PBXFrameworksBuildPhase section */

/* Begin PBXGroup section */
		E9187C5325DBC8A0003649D4 = {
			isa = PBXGroup;
			children = (
				E9187C5E25DBC8A0003649D4 /* BrewBar */,
				E9187C7125DBC8A2003649D4 /* BrewBarTests */,
				E9187C7C25DBC8A2003649D4 /* BrewBarUITests */,
				E9187C5D25DBC8A0003649D4 /* Products */,
			);
			sourceTree = "<group>";
		};
		E9187C5D25DBC8A0003649D4 /* Products */ = {
			isa = PBXGroup;
			children = (
				E9187C5C25DBC8A0003649D4 /* BrewBar.app */,
				E9187C6E25DBC8A2003649D4 /* BrewBarTests.xctest */,
				E9187C7925DBC8A2003649D4 /* BrewBarUITests.xctest */,
			);
			name = Products;
			sourceTree = "<group>";
		};
		E9187C5E25DBC8A0003649D4 /* BrewBar */ = {
			isa = PBXGroup;
			children = (
				E9187C5F25DBC8A0003649D4 /* BrewBarApp.swift */,
				E9187C6125DBC8A0003649D4 /* ContentView.swift */,
				E9187C6325DBC8A2003649D4 /* Assets.xcassets */,
				E9187C6825DBC8A2003649D4 /* Info.plist */,
				E9187C6925DBC8A2003649D4 /* BrewBar.entitlements */,
				E9187C6525DBC8A2003649D4 /* Preview Content */,
			);
			path = BrewBar;
			sourceTree = "<group>";
		};
		E9187C6525DBC8A2003649D4 /* Preview Content */ = {
			isa = PBXGroup;
			children = (
				E9187C6625DBC8A2003649D4 /* Preview Assets.xcassets */,
			);
			path = "Preview Content";
			sourceTree = "<group>";
		};
		E9187C7125DBC8A2003649D4 /* BrewBarTests */ = {
			isa = PBXGroup;
			children = (
				E9187C7225DBC8A2003649D4 /* BrewBarTests.swift */,
				E9187C7425DBC8A2003649D4 /* Info.plist */,
			);
			path = BrewBarTests;
			sourceTree = "<group>";
		};
		E9187C7C25DBC8A2003649D4 /* BrewBarUITests */ = {
			isa = PBXGroup;
			children = (
				E9187C7D25DBC8A2003649D4 /* BrewBarUITests.swift */,
				E9187C7F25DBC8A2003649D4 /* Info.plist */,
			);
			path = BrewBarUITests;
			sourceTree = "<group>";
		};
/* End PBXGroup section */

/* Begin PBXNativeTarget section */
		E9187C5B25DBC8A0003649D4 /* BrewBar */ = {
			isa = PBXNativeTarget;
			buildConfigurationList = E9187C8225DBC8A2003649D4 /* Build configuration list for PBXNativeTarget "BrewBar" */;
			buildPhases = (
				E9187C5825DBC8A0003649D4 /* Sources */,
				E9187C5925DBC8A0003649D4 /* Frameworks */,
				E9187C5A25DBC8A0003649D4 /* Resources */,
			);
			buildRules = (
			);
			dependencies = (
			);
			name = BrewBar;
			packageProductDependencies = (
				E92832C225E04808001E4C22 /* ActivityIndicatorView */,
			);
			productName = BrewBar;
			productReference = E9187C5C25DBC8A0003649D4 /* BrewBar.app */;
			productType = "com.apple.product-type.application";
		};
		E9187C6D25DBC8A2003649D4 /* BrewBarTests */ = {
			isa = PBXNativeTarget;
			buildConfigurationList = E9187C8525DBC8A2003649D4 /* Build configuration list for PBXNativeTarget "BrewBarTests" */;
			buildPhases = (
				E9187C6A25DBC8A2003649D4 /* Sources */,
				E9187C6B25DBC8A2003649D4 /* Frameworks */,
				E9187C6C25DBC8A2003649D4 /* Resources */,
			);
			buildRules = (
			);
			dependencies = (
				E9187C7025DBC8A2003649D4 /* PBXTargetDependency */,
			);
			name = BrewBarTests;
			productName = BrewBarTests;
			productReference = E9187C6E25DBC8A2003649D4 /* BrewBarTests.xctest */;
			productType = "com.apple.product-type.bundle.unit-test";
		};
		E9187C7825DBC8A2003649D4 /* BrewBarUITests */ = {
			isa = PBXNativeTarget;
			buildConfigurationList = E9187C8825DBC8A2003649D4 /* Build configuration list for PBXNativeTarget "BrewBarUITests" */;
			buildPhases = (
				E9187C7525DBC8A2003649D4 /* Sources */,
				E9187C7625DBC8A2003649D4 /* Frameworks */,
				E9187C7725DBC8A2003649D4 /* Resources */,
			);
			buildRules = (
			);
			dependencies = (
				E9187C7B25DBC8A2003649D4 /* PBXTargetDependency */,
			);
			name = BrewBarUITests;
			productName = BrewBarUITests;
			productReference = E9187C7925DBC8A2003649D4 /* BrewBarUITests.xctest */;
			productType = "com.apple.product-type.bundle.ui-testing";
		};
/* End PBXNativeTarget section */

/* Begin PBXProject section */
		E9187C5425DBC8A0003649D4 /* Project object */ = {
			isa = PBXProject;
			attributes = {
				LastSwiftUpdateCheck = 1240;
				LastUpgradeCheck = 1240;
				TargetAttributes = {
					E9187C5B25DBC8A0003649D4 = {
						CreatedOnToolsVersion = 12.4;
					};
					E9187C6D25DBC8A2003649D4 = {
						CreatedOnToolsVersion = 12.4;
						TestTargetID = E9187C5B25DBC8A0003649D4;
					};
					E9187C7825DBC8A2003649D4 = {
						CreatedOnToolsVersion = 12.4;
						TestTargetID = E9187C5B25DBC8A0003649D4;
					};
				};
			};
			buildConfigurationList = E9187C5725DBC8A0003649D4 /* Build configuration list for PBXProject "BrewBar" */;
			compatibilityVersion = "Xcode 9.3";
			developmentRegion = en;
			hasScannedForEncodings = 0;
			knownRegions = (
				en,
				Base,
			);
			mainGroup = E9187C5325DBC8A0003649D4;
			packageReferences = (
				E92832C125E04808001E4C22 /* XCRemoteSwiftPackageReference "ActivityIndicatorView" */,
			);
			productRefGroup = E9187C5D25DBC8A0003649D4 /* Products */;
			projectDirPath = "";
			projectRoot = "";
			targets = (
				E9187C5B25DBC8A0003649D4 /* BrewBar */,
				E9187C6D25DBC8A2003649D4 /* BrewBarTests */,
				E9187C7825DBC8A2003649D4 /* BrewBarUITests */,
			);
		};
/* End PBXProject section */

/* Begin PBXResourcesBuildPhase section */
		E9187C5A25DBC8A0003649D4 /* Resources */ = {
			isa = PBXResourcesBuildPhase;
			buildActionMask = 2147483647;
			files = (
				E9187C6725DBC8A2003649D4 /* Preview Assets.xcassets in Resources */,
				E9187C6425DBC8A2003649D4 /* Assets.xcassets in Resources */,
			);
			runOnlyForDeploymentPostprocessing = 0;
		};
		E9187C6C25DBC8A2003649D4 /* Resources */ = {
			isa = PBXResourcesBuildPhase;
			buildActionMask = 2147483647;
			files = (
			);
			runOnlyForDeploymentPostprocessing = 0;
		};
		E9187C7725DBC8A2003649D4 /* Resources */ = {
			isa = PBXResourcesBuildPhase;
			buildActionMask = 2147483647;
			files = (
			);
			runOnlyForDeploymentPostprocessing = 0;
		};
/* End PBXResourcesBuildPhase section */

/* Begin PBXSourcesBuildPhase section */
		E9187C5825DBC8A0003649D4 /* Sources */ = {
			isa = PBXSourcesBuildPhase;
			buildActionMask = 2147483647;
			files = (
				E9187C6225DBC8A0003649D4 /* ContentView.swift in Sources */,
				E9187C6025DBC8A0003649D4 /* BrewBarApp.swift in Sources */,
			);
			runOnlyForDeploymentPostprocessing = 0;
		};
		E9187C6A25DBC8A2003649D4 /* Sources */ = {
			isa = PBXSourcesBuildPhase;
			buildActionMask = 2147483647;
			files = (
				E9187C7325DBC8A2003649D4 /* BrewBarTests.swift in Sources */,
			);
			runOnlyForDeploymentPostprocessing = 0;
		};
		E9187C7525DBC8A2003649D4 /* Sources */ = {
			isa = PBXSourcesBuildPhase;
			buildActionMask = 2147483647;
			files = (
				E9187C7E25DBC8A2003649D4 /* BrewBarUITests.swift in Sources */,
			);
			runOnlyForDeploymentPostprocessing = 0;
		};
/* End PBXSourcesBuildPhase section */

/* Begin PBXTargetDependency section */
		E9187C7025DBC8A2003649D4 /* PBXTargetDependency */ = {
			isa = PBXTargetDependency;
			target = E9187C5B25DBC8A0003649D4 /* BrewBar */;
			targetProxy = E9187C6F25DBC8A2003649D4 /* PBXContainerItemProxy */;
		};
		E9187C7B25DBC8A2003649D4 /* PBXTargetDependency */ = {
			isa = PBXTargetDependency;
			target = E9187C5B25DBC8A0003649D4 /* BrewBar */;
			targetProxy = E9187C7A25DBC8A2003649D4 /* PBXContainerItemProxy */;
		};
/* End PBXTargetDependency section */

/* Begin XCBuildConfiguration section */
		E9187C8025DBC8A2003649D4 /* Debug */ = {
			isa = XCBuildConfiguration;
			buildSettings = {
				ALWAYS_SEARCH_USER_PATHS = NO;
				CLANG_ANALYZER_NONNULL = YES;
				CLANG_ANALYZER_NUMBER_OBJECT_CONVERSION = YES_AGGRESSIVE;
				CLANG_CXX_LANGUAGE_STANDARD = "gnu++14";
				CLANG_CXX_LIBRARY = "libc++";
				CLANG_ENABLE_MODULES = YES;
				CLANG_ENABLE_OBJC_ARC = YES;
				CLANG_ENABLE_OBJC_WEAK = YES;
				CLANG_WARN_BLOCK_CAPTURE_AUTORELEASING = YES;
				CLANG_WARN_BOOL_CONVERSION = YES;
				CLANG_WARN_COMMA = YES;
				CLANG_WARN_CONSTANT_CONVERSION = YES;
				CLANG_WARN_DEPRECATED_OBJC_IMPLEMENTATIONS = YES;
				CLANG_WARN_DIRECT_OBJC_ISA_USAGE = YES_ERROR;
				CLANG_WARN_DOCUMENTATION_COMMENTS = YES;
				CLANG_WARN_EMPTY_BODY = YES;
				CLANG_WARN_ENUM_CONVERSION = YES;
				CLANG_WARN_INFINITE_RECURSION = YES;
				CLANG_WARN_INT_CONVERSION = YES;
				CLANG_WARN_NON_LITERAL_NULL_CONVERSION = YES;
				CLANG_WARN_OBJC_IMPLICIT_RETAIN_SELF = YES;
				CLANG_WARN_OBJC_LITERAL_CONVERSION = YES;
				CLANG_WARN_OBJC_ROOT_CLASS = YES_ERROR;
				CLANG_WARN_QUOTED_INCLUDE_IN_FRAMEWORK_HEADER = YES;
				CLANG_WARN_RANGE_LOOP_ANALYSIS = YES;
				CLANG_WARN_STRICT_PROTOTYPES = YES;
				CLANG_WARN_SUSPICIOUS_MOVE = YES;
				CLANG_WARN_UNGUARDED_AVAILABILITY = YES_AGGRESSIVE;
				CLANG_WARN_UNREACHABLE_CODE = YES;
				CLANG_WARN__DUPLICATE_METHOD_MATCH = YES;
				COPY_PHASE_STRIP = NO;
				DEBUG_INFORMATION_FORMAT = dwarf;
				ENABLE_STRICT_OBJC_MSGSEND = YES;
				ENABLE_TESTABILITY = YES;
				GCC_C_LANGUAGE_STANDARD = gnu11;
				GCC_DYNAMIC_NO_PIC = NO;
				GCC_NO_COMMON_BLOCKS = YES;
				GCC_OPTIMIZATION_LEVEL = 0;
				GCC_PREPROCESSOR_DEFINITIONS = (
					"DEBUG=1",
					"$(inherited)",
				);
				GCC_WARN_64_TO_32_BIT_CONVERSION = YES;
				GCC_WARN_ABOUT_RETURN_TYPE = YES_ERROR;
				GCC_WARN_UNDECLARED_SELECTOR = YES;
				GCC_WARN_UNINITIALIZED_AUTOS = YES_AGGRESSIVE;
				GCC_WARN_UNUSED_FUNCTION = YES;
				GCC_WARN_UNUSED_VARIABLE = YES;
				MACOSX_DEPLOYMENT_TARGET = 11.1;
				MTL_ENABLE_DEBUG_INFO = INCLUDE_SOURCE;
				MTL_FAST_MATH = YES;
				ONLY_ACTIVE_ARCH = YES;
				SDKROOT = macosx;
				SWIFT_ACTIVE_COMPILATION_CONDITIONS = DEBUG;
				SWIFT_OPTIMIZATION_LEVEL = "-Onone";
			};
			name = Debug;
		};
		E9187C8125DBC8A2003649D4 /* Release */ = {
			isa = XCBuildConfiguration;
			buildSettings = {
				ALWAYS_SEARCH_USER_PATHS = NO;
				CLANG_ANALYZER_NONNULL = YES;
				CLANG_ANALYZER_NUMBER_OBJECT_CONVERSION = YES_AGGRESSIVE;
				CLANG_CXX_LANGUAGE_STANDARD = "gnu++14";
				CLANG_CXX_LIBRARY = "libc++";
				CLANG_ENABLE_MODULES = YES;
				CLANG_ENABLE_OBJC_ARC = YES;
				CLANG_ENABLE_OBJC_WEAK = YES;
				CLANG_WARN_BLOCK_CAPTURE_AUTORELEASING = YES;
				CLANG_WARN_BOOL_CONVERSION = YES;
				CLANG_WARN_COMMA = YES;
				CLANG_WARN_CONSTANT_CONVERSION = YES;
				CLANG_WARN_DEPRECATED_OBJC_IMPLEMENTATIONS = YES;
				CLANG_WARN_DIRECT_OBJC_ISA_USAGE = YES_ERROR;
				CLANG_WARN_DOCUMENTATION_COMMENTS = YES;
				CLANG_WARN_EMPTY_BODY = YES;
				CLANG_WARN_ENUM_CONVERSION = YES;
				CLANG_WARN_INFINITE_RECURSION = YES;
				CLANG_WARN_INT_CONVERSION = YES;
				CLANG_WARN_NON_LITERAL_NULL_CONVERSION = YES;
				CLANG_WARN_OBJC_IMPLICIT_RETAIN_SELF = YES;
				CLANG_WARN_OBJC_LITERAL_CONVERSION = YES;
				CLANG_WARN_OBJC_ROOT_CLASS = YES_ERROR;
				CLANG_WARN_QUOTED_INCLUDE_IN_FRAMEWORK_HEADER = YES;
				CLANG_WARN_RANGE_LOOP_ANALYSIS = YES;
				CLANG_WARN_STRICT_PROTOTYPES = YES;
				CLANG_WARN_SUSPICIOUS_MOVE = YES;
				CLANG_WARN_UNGUARDED_AVAILABILITY = YES_AGGRESSIVE;
				CLANG_WARN_UNREACHABLE_CODE = YES;
				CLANG_WARN__DUPLICATE_METHOD_MATCH = YES;
				COPY_PHASE_STRIP = NO;
				DEBUG_INFORMATION_FORMAT = "dwarf-with-dsym";
				ENABLE_NS_ASSERTIONS = NO;
				ENABLE_STRICT_OBJC_MSGSEND = YES;
				GCC_C_LANGUAGE_STANDARD = gnu11;
				GCC_NO_COMMON_BLOCKS = YES;
				GCC_WARN_64_TO_32_BIT_CONVERSION = YES;
				GCC_WARN_ABOUT_RETURN_TYPE = YES_ERROR;
				GCC_WARN_UNDECLARED_SELECTOR = YES;
				GCC_WARN_UNINITIALIZED_AUTOS = YES_AGGRESSIVE;
				GCC_WARN_UNUSED_FUNCTION = YES;
				GCC_WARN_UNUSED_VARIABLE = YES;
				MACOSX_DEPLOYMENT_TARGET = 11.1;
				MTL_ENABLE_DEBUG_INFO = NO;
				MTL_FAST_MATH = YES;
				SDKROOT = macosx;
				SWIFT_COMPILATION_MODE = wholemodule;
				SWIFT_OPTIMIZATION_LEVEL = "-O";
			};
			name = Release;
		};
		E9187C8325DBC8A2003649D4 /* Debug */ = {
			isa = XCBuildConfiguration;
			buildSettings = {
				ASSETCATALOG_COMPILER_APPICON_NAME = AppIcon;
				ASSETCATALOG_COMPILER_GLOBAL_ACCENT_COLOR_NAME = AccentColor;
				CODE_SIGN_ENTITLEMENTS = BrewBar/BrewBar.entitlements;
				CODE_SIGN_IDENTITY = "-";
				CODE_SIGN_STYLE = Automatic;
				COMBINE_HIDPI_IMAGES = YES;
				DEVELOPMENT_ASSET_PATHS = "\"BrewBar/Preview Content\"";
				ENABLE_PREVIEWS = YES;
				INFOPLIST_FILE = BrewBar/Info.plist;
				LD_RUNPATH_SEARCH_PATHS = (
					"$(inherited)",
					"@executable_path/../Frameworks",
				);
				MACOSX_DEPLOYMENT_TARGET = 11.0;
				PRODUCT_BUNDLE_IDENTIFIER = com.tomrcl.BrewBar;
				PRODUCT_NAME = "$(TARGET_NAME)";
				SWIFT_VERSION = 5.0;
			};
			name = Debug;
		};
		E9187C8425DBC8A2003649D4 /* Release */ = {
			isa = XCBuildConfiguration;
			buildSettings = {
				ASSETCATALOG_COMPILER_APPICON_NAME = AppIcon;
				ASSETCATALOG_COMPILER_GLOBAL_ACCENT_COLOR_NAME = AccentColor;
				CODE_SIGN_ENTITLEMENTS = BrewBar/BrewBar.entitlements;
				CODE_SIGN_IDENTITY = "-";
				CODE_SIGN_STYLE = Automatic;
				COMBINE_HIDPI_IMAGES = YES;
				DEVELOPMENT_ASSET_PATHS = "\"BrewBar/Preview Content\"";
				ENABLE_PREVIEWS = YES;
				INFOPLIST_FILE = BrewBar/Info.plist;
				LD_RUNPATH_SEARCH_PATHS = (
					"$(inherited)",
					"@executable_path/../Frameworks",
				);
				MACOSX_DEPLOYMENT_TARGET = 11.0;
				PRODUCT_BUNDLE_IDENTIFIER = com.tomrcl.BrewBar;
				PRODUCT_NAME = "$(TARGET_NAME)";
				SWIFT_VERSION = 5.0;
			};
			name = Release;
		};
		E9187C8625DBC8A2003649D4 /* Debug */ = {
			isa = XCBuildConfiguration;
			buildSettings = {
				ALWAYS_EMBED_SWIFT_STANDARD_LIBRARIES = YES;
				BUNDLE_LOADER = "$(TEST_HOST)";
				CODE_SIGN_STYLE = Automatic;
				COMBINE_HIDPI_IMAGES = YES;
				INFOPLIST_FILE = BrewBarTests/Info.plist;
				LD_RUNPATH_SEARCH_PATHS = (
					"$(inherited)",
					"@executable_path/../Frameworks",
					"@loader_path/../Frameworks",
				);
				MACOSX_DEPLOYMENT_TARGET = 11.0;
				PRODUCT_BUNDLE_IDENTIFIER = com.tomrcl.BrewBarTests;
				PRODUCT_NAME = "$(TARGET_NAME)";
				SWIFT_VERSION = 5.0;
				TEST_HOST = "$(BUILT_PRODUCTS_DIR)/BrewBar.app/Contents/MacOS/BrewBar";
			};
			name = Debug;
		};
		E9187C8725DBC8A2003649D4 /* Release */ = {
			isa = XCBuildConfiguration;
			buildSettings = {
				ALWAYS_EMBED_SWIFT_STANDARD_LIBRARIES = YES;
				BUNDLE_LOADER = "$(TEST_HOST)";
				CODE_SIGN_STYLE = Automatic;
				COMBINE_HIDPI_IMAGES = YES;
				INFOPLIST_FILE = BrewBarTests/Info.plist;
				LD_RUNPATH_SEARCH_PATHS = (
					"$(inherited)",
					"@executable_path/../Frameworks",
					"@loader_path/../Frameworks",
				);
				MACOSX_DEPLOYMENT_TARGET = 11.0;
				PRODUCT_BUNDLE_IDENTIFIER = com.tomrcl.BrewBarTests;
				PRODUCT_NAME = "$(TARGET_NAME)";
				SWIFT_VERSION = 5.0;
				TEST_HOST = "$(BUILT_PRODUCTS_DIR)/BrewBar.app/Contents/MacOS/BrewBar";
			};
			name = Release;
		};
		E9187C8925DBC8A2003649D4 /* Debug */ = {
			isa = XCBuildConfiguration;
			buildSettings = {
				ALWAYS_EMBED_SWIFT_STANDARD_LIBRARIES = YES;
				CODE_SIGN_STYLE = Automatic;
				COMBINE_HIDPI_IMAGES = YES;
				INFOPLIST_FILE = BrewBarUITests/Info.plist;
				LD_RUNPATH_SEARCH_PATHS = (
					"$(inherited)",
					"@executable_path/../Frameworks",
					"@loader_path/../Frameworks",
				);
				PRODUCT_BUNDLE_IDENTIFIER = com.tomrcl.BrewBarUITests;
				PRODUCT_NAME = "$(TARGET_NAME)";
				SWIFT_VERSION = 5.0;
				TEST_TARGET_NAME = BrewBar;
			};
			name = Debug;
		};
		E9187C8A25DBC8A2003649D4 /* Release */ = {
			isa = XCBuildConfiguration;
			buildSettings = {
				ALWAYS_EMBED_SWIFT_STANDARD_LIBRARIES = YES;
				CODE_SIGN_STYLE = Automatic;
				COMBINE_HIDPI_IMAGES = YES;
				INFOPLIST_FILE = BrewBarUITests/Info.plist;
				LD_RUNPATH_SEARCH_PATHS = (
					"$(inherited)",
					"@executable_path/../Frameworks",
					"@loader_path/../Frameworks",
				);
				PRODUCT_BUNDLE_IDENTIFIER = com.tomrcl.BrewBarUITests;
				PRODUCT_NAME = "$(TARGET_NAME)";
				SWIFT_VERSION = 5.0;
				TEST_TARGET_NAME = BrewBar;
			};
			name = Release;
		};
/* End XCBuildConfiguration section */

/* Begin XCConfigurationList section */
		E9187C5725DBC8A0003649D4 /* Build configuration list for PBXProject "BrewBar" */ = {
			isa = XCConfigurationList;
			buildConfigurations = (
				E9187C8025DBC8A2003649D4 /* Debug */,
				E9187C8125DBC8A2003649D4 /* Release */,
			);
			defaultConfigurationIsVisible = 0;
			defaultConfigurationName = Release;
		};
		E9187C8225DBC8A2003649D4 /* Build configuration list for PBXNativeTarget "BrewBar" */ = {
			isa = XCConfigurationList;
			buildConfigurations = (
				E9187C8325DBC8A2003649D4 /* Debug */,
				E9187C8425DBC8A2003649D4 /* Release */,
			);
			defaultConfigurationIsVisible = 0;
			defaultConfigurationName = Release;
		};
		E9187C8525DBC8A2003649D4 /* Build configuration list for PBXNativeTarget "BrewBarTests" */ = {
			isa = XCConfigurationList;
			buildConfigurations = (
				E9187C8625DBC8A2003649D4 /* Debug */,
				E9187C8725DBC8A2003649D4 /* Release */,
			);
			defaultConfigurationIsVisible = 0;
			defaultConfigurationName = Release;
		};
		E9187C8825DBC8A2003649D4 /* Build configuration list for PBXNativeTarget "BrewBarUITests" */ = {
			isa = XCConfigurationList;
			buildConfigurations = (
				E9187C8925DBC8A2003649D4 /* Debug */,
				E9187C8A25DBC8A2003649D4 /* Release */,
			);
			defaultConfigurationIsVisible = 0;
			defaultConfigurationName = Release;
		};
/* End XCConfigurationList section */

/* Begin XCRemoteSwiftPackageReference section */
		E92832C125E04808001E4C22 /* XCRemoteSwiftPackageReference "ActivityIndicatorView" */ = {
			isa = XCRemoteSwiftPackageReference;
			repositoryURL = "https://github.com/exyte/ActivityIndicatorView.git";
			requirement = {
				kind = upToNextMajorVersion;
				minimumVersion = 0.0.6;
			};
		};
/* End XCRemoteSwiftPackageReference section */

/* Begin XCSwiftPackageProductDependency section */
		E92832C225E04808001E4C22 /* ActivityIndicatorView */ = {
			isa = XCSwiftPackageProductDependency;
			package = E92832C125E04808001E4C22 /* XCRemoteSwiftPackageReference "ActivityIndicatorView" */;
			productName = ActivityIndicatorView;
		};
/* End XCSwiftPackageProductDependency section */
	};
	rootObject = E9187C5425DBC8A0003649D4 /* Project object */;
}
